
Microsoft Visual Studio Solution File, Format Version 12.00
# Visual Studio Version 17
VisualStudioVersion = 17.1.32414.318
MinimumVisualStudioVersion = 10.0.40219.1
Project("{9A19103F-16F7-4668-BE54-9A1E7A4F7556}") = "FiltersMvc", "FiltersMvc\FiltersMvc.csproj", "{2B5FB9D8-C113-4148-9016-BFE352A79999}"
EndProject
Project("{9A19103F-16F7-4668-BE54-9A1E7A4F7556}") = "AandDS", "CsharpString\AandDS.csproj", "{D52DC4A9-C150-4D6F-8CAC-587D6E1758DF}"
EndProject
Project("{9A19103F-16F7-4668-BE54-9A1E7A4F7556}") = "CSharpLinq", "CSharpLinq\CSharpLinq.csproj", "{F6A7428B-D9D8-4E75-8BFC-36801D36B150}"
EndProject
Project("{9A19103F-16F7-4668-BE54-9A1E7A4F7556}") = "LeetCode", "LeetCode\LeetCode.csproj", "{A57F95EA-4F05-4AC4-BE6B-0F53C9499967}"
EndProject
Project("{9A19103F-16F7-4668-BE54-9A1E7A4F7556}") = "LeetCodeTests", "LeetCodeTests\LeetCodeTests.csproj", "{2B864CC6-CEFE-48C3-A64D-4A82C930C5DA}"
EndProject
Project("{2150E333-8FDC-42A3-9474-1A3956D46DE8}") = "Sudoku", "Sudoku", "{C4F1622D-E62D-4C3F-BDF9-B148FA9833E7}"
EndProject
Project("{9A19103F-16F7-4668-BE54-9A1E7A4F7556}") = "SudokuSolver", "SudokuSolver\SudokuSolver.csproj", "{D4731CEB-15AE-4C38-93A3-AEB556128D7B}"
EndProject
Project("{9A19103F-16F7-4668-BE54-9A1E7A4F7556}") = "SudokuTests", "SudokuTests\SudokuTests.csproj", "{CD1FB4A4-9B86-4A9A-B9C8-B2F89EFFC543}"
EndProject
Project("{9A19103F-16F7-4668-BE54-9A1E7A4F7556}") = "CodingPatterns", "CodingPatterns\CodingPatterns.csproj", "{4FA991B6-6122-4884-8073-82F2BF64917C}"
EndProject
Project("{9A19103F-16F7-4668-BE54-9A1E7A4F7556}") = "CodingPatternsTests", "CodingPatternsTests\CodingPatternsTests.csproj", "{85D87AF8-589E-43FA-B3B6-0DFD04F82E57}"
EndProject
Project("{9A19103F-16F7-4668-BE54-9A1E7A4F7556}") = "SudokuUI", "SudokuUI\SudokuUI.csproj", "{94950CE1-FF4D-49F6-B452-E37849DA5864}"
EndProject
Project("{2150E333-8FDC-42A3-9474-1A3956D46DE8}") = "sln", "sln", "{7B98CF19-AB63-4AB9-8A08-AF55A2A83C3D}"
	ProjectSection(SolutionItems) = preProject
		.gitignore = .gitignore
		.github\workflows\main.yml = .github\workflows\main.yml
	EndProjectSection
EndProject
Global
	GlobalSection(SolutionConfigurationPlatforms) = preSolution
		Debug|Any CPU = Debug|Any CPU
		Release|Any CPU = Release|Any CPU
	EndGlobalSection
	GlobalSection(ProjectConfigurationPlatforms) = postSolution
		{2B5FB9D8-C113-4148-9016-BFE352A79999}.Debug|Any CPU.ActiveCfg = Debug|Any CPU
		{2B5FB9D8-C113-4148-9016-BFE352A79999}.Debug|Any CPU.Build.0 = Debug|Any CPU
		{2B5FB9D8-C113-4148-9016-BFE352A79999}.Release|Any CPU.ActiveCfg = Release|Any CPU
		{2B5FB9D8-C113-4148-9016-BFE352A79999}.Release|Any CPU.Build.0 = Release|Any CPU
		{D52DC4A9-C150-4D6F-8CAC-587D6E1758DF}.Debug|Any CPU.ActiveCfg = Debug|Any CPU
		{D52DC4A9-C150-4D6F-8CAC-587D6E1758DF}.Debug|Any CPU.Build.0 = Debug|Any CPU
		{D52DC4A9-C150-4D6F-8CAC-587D6E1758DF}.Release|Any CPU.ActiveCfg = Release|Any CPU
		{D52DC4A9-C150-4D6F-8CAC-587D6E1758DF}.Release|Any CPU.Build.0 = Release|Any CPU
		{F6A7428B-D9D8-4E75-8BFC-36801D36B150}.Debug|Any CPU.ActiveCfg = Debug|Any CPU
		{F6A7428B-D9D8-4E75-8BFC-36801D36B150}.Debug|Any CPU.Build.0 = Debug|Any CPU
		{F6A7428B-D9D8-4E75-8BFC-36801D36B150}.Release|Any CPU.ActiveCfg = Release|Any CPU
		{F6A7428B-D9D8-4E75-8BFC-36801D36B150}.Release|Any CPU.Build.0 = Release|Any CPU
		{A57F95EA-4F05-4AC4-BE6B-0F53C9499967}.Debug|Any CPU.ActiveCfg = Debug|Any CPU
		{A57F95EA-4F05-4AC4-BE6B-0F53C9499967}.Debug|Any CPU.Build.0 = Debug|Any CPU
		{A57F95EA-4F05-4AC4-BE6B-0F53C9499967}.Release|Any CPU.ActiveCfg = Release|Any CPU
		{A57F95EA-4F05-4AC4-BE6B-0F53C9499967}.Release|Any CPU.Build.0 = Release|Any CPU
		{2B864CC6-CEFE-48C3-A64D-4A82C930C5DA}.Debug|Any CPU.ActiveCfg = Debug|Any CPU
		{2B864CC6-CEFE-48C3-A64D-4A82C930C5DA}.Debug|Any CPU.Build.0 = Debug|Any CPU
		{2B864CC6-CEFE-48C3-A64D-4A82C930C5DA}.Release|Any CPU.ActiveCfg = Release|Any CPU
		{2B864CC6-CEFE-48C3-A64D-4A82C930C5DA}.Release|Any CPU.Build.0 = Release|Any CPU
		{D4731CEB-15AE-4C38-93A3-AEB556128D7B}.Debug|Any CPU.ActiveCfg = Debug|Any CPU
		{D4731CEB-15AE-4C38-93A3-AEB556128D7B}.Debug|Any CPU.Build.0 = Debug|Any CPU
		{D4731CEB-15AE-4C38-93A3-AEB556128D7B}.Release|Any CPU.ActiveCfg = Release|Any CPU
		{D4731CEB-15AE-4C38-93A3-AEB556128D7B}.Release|Any CPU.Build.0 = Release|Any CPU
		{CD1FB4A4-9B86-4A9A-B9C8-B2F89EFFC543}.Debug|Any CPU.ActiveCfg = Debug|Any CPU
		{CD1FB4A4-9B86-4A9A-B9C8-B2F89EFFC543}.Debug|Any CPU.Build.0 = Debug|Any CPU
		{CD1FB4A4-9B86-4A9A-B9C8-B2F89EFFC543}.Release|Any CPU.ActiveCfg = Release|Any CPU
		{CD1FB4A4-9B86-4A9A-B9C8-B2F89EFFC543}.Release|Any CPU.Build.0 = Release|Any CPU
		{4FA991B6-6122-4884-8073-82F2BF64917C}.Debug|Any CPU.ActiveCfg = Debug|Any CPU
		{4FA991B6-6122-4884-8073-82F2BF64917C}.Debug|Any CPU.Build.0 = Debug|Any CPU
		{4FA991B6-6122-4884-8073-82F2BF64917C}.Release|Any CPU.ActiveCfg = Release|Any CPU
		{4FA991B6-6122-4884-8073-82F2BF64917C}.Release|Any CPU.Build.0 = Release|Any CPU
		{85D87AF8-589E-43FA-B3B6-0DFD04F82E57}.Debug|Any CPU.ActiveCfg = Debug|Any CPU
		{85D87AF8-589E-43FA-B3B6-0DFD04F82E57}.Debug|Any CPU.Build.0 = Debug|Any CPU
		{85D87AF8-589E-43FA-B3B6-0DFD04F82E57}.Release|Any CPU.ActiveCfg = Release|Any CPU
		{85D87AF8-589E-43FA-B3B6-0DFD04F82E57}.Release|Any CPU.Build.0 = Release|Any CPU
		{94950CE1-FF4D-49F6-B452-E37849DA5864}.Debug|Any CPU.ActiveCfg = Debug|Any CPU
		{94950CE1-FF4D-49F6-B452-E37849DA5864}.Debug|Any CPU.Build.0 = Debug|Any CPU
		{94950CE1-FF4D-49F6-B452-E37849DA5864}.Release|Any CPU.ActiveCfg = Release|Any CPU
		{94950CE1-FF4D-49F6-B452-E37849DA5864}.Release|Any CPU.Build.0 = Release|Any CPU
	EndGlobalSection
	GlobalSection(SolutionProperties) = preSolution
		HideSolutionNode = FALSE
	EndGlobalSection
	GlobalSection(NestedProjects) = preSolution
		{D4731CEB-15AE-4C38-93A3-AEB556128D7B} = {C4F1622D-E62D-4C3F-BDF9-B148FA9833E7}
		{CD1FB4A4-9B86-4A9A-B9C8-B2F89EFFC543} = {C4F1622D-E62D-4C3F-BDF9-B148FA9833E7}
		{94950CE1-FF4D-49F6-B452-E37849DA5864} = {C4F1622D-E62D-4C3F-BDF9-B148FA9833E7}
	EndGlobalSection
	GlobalSection(ExtensibilityGlobals) = postSolution
		SolutionGuid = {07708966-569C-4439-A1B7-2053E2C01E66}
	EndGlobalSection
EndGlobal
